
Microsoft Visual Studio Solution File, Format Version 12.00
# Visual Studio Version 17
VisualStudioVersion = 17.1.32228.430
MinimumVisualStudioVersion = 10.0.40219.1
Project("{FAE04EC0-301F-11D3-BF4B-00C04F79EFBC}") = "Inputs", "Inputs\Inputs.csproj", "{8F888016-C2D4-4FA6-BDFB-32F07390E4A5}"
EndProject
Project("{FAE04EC0-301F-11D3-BF4B-00C04F79EFBC}") = "Inputs.Tests", "Inputs.Tests\Inputs.Tests.csproj", "{6F765936-0D2C-4092-965A-5412680A08C3}"
EndProject
Global
	GlobalSection(SolutionConfigurationPlatforms) = preSolution
		Debug|Any CPU = Debug|Any CPU
		Release|Any CPU = Release|Any CPU
	EndGlobalSection
	GlobalSection(ProjectConfigurationPlatforms) = postSolution
		{8F888016-C2D4-4FA6-BDFB-32F07390E4A5}.Debug|Any CPU.ActiveCfg = Debug|Any CPU
		{8F888016-C2D4-4FA6-BDFB-32F07390E4A5}.Debug|Any CPU.Build.0 = Debug|Any CPU
		{8F888016-C2D4-4FA6-BDFB-32F07390E4A5}.Release|Any CPU.ActiveCfg = Release|Any CPU
		{8F888016-C2D4-4FA6-BDFB-32F07390E4A5}.Release|Any CPU.Build.0 = Release|Any CPU
		{6F765936-0D2C-4092-965A-5412680A08C3}.Debug|Any CPU.ActiveCfg = Debug|Any CPU
		{6F765936-0D2C-4092-965A-5412680A08C3}.Debug|Any CPU.Build.0 = Debug|Any CPU
		{6F765936-0D2C-4092-965A-5412680A08C3}.Release|Any CPU.ActiveCfg = Release|Any CPU
		{6F765936-0D2C-4092-965A-5412680A08C3}.Release|Any CPU.Build.0 = Release|Any CPU
	EndGlobalSection
	GlobalSection(SolutionProperties) = preSolution
		HideSolutionNode = FALSE
	EndGlobalSection
	GlobalSection(ExtensibilityGlobals) = postSolution
		SolutionGuid = {3266AB8F-3B52-4F89-A32B-D6FAE4E4892A}
	EndGlobalSection
EndGlobal
